
Microsoft Visual Studio Solution File, Format Version 12.00
# Visual Studio 14
VisualStudioVersion = 14.0.24720.0
MinimumVisualStudioVersion = 10.0.40219.1
Project("{FAE04EC0-301F-11D3-BF4B-00C04F79EFBC}") = "Diplomnaya", "Diplomnaya\Diplomnaya.csproj", "{A1B389A6-FCAC-4533-9E32-DC28AC52261A}"
EndProject
Global
	GlobalSection(SolutionConfigurationPlatforms) = preSolution
		Debug|Any CPU = Debug|Any CPU
		Release|Any CPU = Release|Any CPU
	EndGlobalSection
	GlobalSection(ProjectConfigurationPlatforms) = postSolution
		{A1B389A6-FCAC-4533-9E32-DC28AC52261A}.Debug|Any CPU.ActiveCfg = Debug|Any CPU
		{A1B389A6-FCAC-4533-9E32-DC28AC52261A}.Debug|Any CPU.Build.0 = Debug|Any CPU
		{A1B389A6-FCAC-4533-9E32-DC28AC52261A}.Release|Any CPU.ActiveCfg = Release|Any CPU
		{A1B389A6-FCAC-4533-9E32-DC28AC52261A}.Release|Any CPU.Build.0 = Release|Any CPU
	EndGlobalSection
	GlobalSection(SolutionProperties) = preSolution
		HideSolutionNode = FALSE
	EndGlobalSection
EndGlobal
